{
  "name": "img-uploader",
  "lockfileVersion": 3,
  "requires": true,
  "packages": {
    "": {
      "dependencies": {
        "fs": "^0.0.1-security",
        "jotai": "^2.2.2"
      }
    },
    "node_modules/fs": {
      "version": "0.0.1-security",
      "resolved": "https://registry.npmjs.org/fs/-/fs-0.0.1-security.tgz",
      "integrity": "sha512-3XY9e1pP0CVEUCdj5BmfIZxRBTSDycnbqhIOGec9QYtmVH2fbLpj86CFWkrNOkt/Fvty4KZG5lTglL9j/gJ87w=="
    },
    "node_modules/jotai": {
      "version": "2.2.2",
      "resolved": "https://registry.npmjs.org/jotai/-/jotai-2.2.2.tgz",
      "integrity": "sha512-Cn8hnBg1sc5ppFwEgVGTfMR5WSM0hbAasd/bdAwIwTaum0j3OUPqBSC4tyk3jtB95vicML+RRWgKFOn6gtfN0A==",
      "engines": {
        "node": ">=12.20.0"
      },
      "peerDependencies": {
        "react": ">=17.0.0"
      },
      "peerDependenciesMeta": {
        "react": {
          "optional": true
        }
      }
    }
  }
}
